
Microsoft Visual Studio Solution File, Format Version 12.00
# Visual Studio 15
VisualStudioVersion = 15.0.27428.2043
MinimumVisualStudioVersion = 10.0.40219.1
Project("{FAE04EC0-301F-11D3-BF4B-00C04F79EFBC}") = "ExamPortal.API", "src\ExamPortal.API\ExamPortal.API.csproj", "{12980E7E-9528-41B0-A617-CB77C9B27333}"
EndProject
Project("{FAE04EC0-301F-11D3-BF4B-00C04F79EFBC}") = "ExamPortal.API.Models", "src\ExamPortal.API.Models\ExamPortal.API.Models.csproj", "{B8D18F25-F379-4B87-ACCC-F8A17E0AED38}"
EndProject
Project("{FAE04EC0-301F-11D3-BF4B-00C04F79EFBC}") = "ExamPortal.Business", "ExamPortal.Business\ExamPortal.Business.csproj", "{2DBF46C5-B842-4A00-A89C-563F8602A12A}"
EndProject
Project("{FAE04EC0-301F-11D3-BF4B-00C04F79EFBC}") = "ExamPortal.DataAccess", "ExamPortal.DataAccess\ExamPortal.DataAccess.csproj", "{474E692A-F4C5-41F7-BC45-06F12AEB2359}"
EndProject
Project("{FAE04EC0-301F-11D3-BF4B-00C04F79EFBC}") = "ExamPortal.Migrations", "ExamPortal.Migrations\ExamPortal.Migrations.csproj", "{894677F5-7BDD-49A0-B14A-2F4E38B53D91}"
EndProject
Global
	GlobalSection(SolutionConfigurationPlatforms) = preSolution
		Debug|Any CPU = Debug|Any CPU
		Release|Any CPU = Release|Any CPU
	EndGlobalSection
	GlobalSection(ProjectConfigurationPlatforms) = postSolution
		{12980E7E-9528-41B0-A617-CB77C9B27333}.Debug|Any CPU.ActiveCfg = Debug|Any CPU
		{12980E7E-9528-41B0-A617-CB77C9B27333}.Debug|Any CPU.Build.0 = Debug|Any CPU
		{12980E7E-9528-41B0-A617-CB77C9B27333}.Release|Any CPU.ActiveCfg = Release|Any CPU
		{12980E7E-9528-41B0-A617-CB77C9B27333}.Release|Any CPU.Build.0 = Release|Any CPU
		{B8D18F25-F379-4B87-ACCC-F8A17E0AED38}.Debug|Any CPU.ActiveCfg = Debug|Any CPU
		{B8D18F25-F379-4B87-ACCC-F8A17E0AED38}.Debug|Any CPU.Build.0 = Debug|Any CPU
		{B8D18F25-F379-4B87-ACCC-F8A17E0AED38}.Release|Any CPU.ActiveCfg = Release|Any CPU
		{B8D18F25-F379-4B87-ACCC-F8A17E0AED38}.Release|Any CPU.Build.0 = Release|Any CPU
		{2DBF46C5-B842-4A00-A89C-563F8602A12A}.Debug|Any CPU.ActiveCfg = Debug|Any CPU
		{2DBF46C5-B842-4A00-A89C-563F8602A12A}.Debug|Any CPU.Build.0 = Debug|Any CPU
		{2DBF46C5-B842-4A00-A89C-563F8602A12A}.Release|Any CPU.ActiveCfg = Release|Any CPU
		{2DBF46C5-B842-4A00-A89C-563F8602A12A}.Release|Any CPU.Build.0 = Release|Any CPU
		{474E692A-F4C5-41F7-BC45-06F12AEB2359}.Debug|Any CPU.ActiveCfg = Debug|Any CPU
		{474E692A-F4C5-41F7-BC45-06F12AEB2359}.Debug|Any CPU.Build.0 = Debug|Any CPU
		{474E692A-F4C5-41F7-BC45-06F12AEB2359}.Release|Any CPU.ActiveCfg = Release|Any CPU
		{474E692A-F4C5-41F7-BC45-06F12AEB2359}.Release|Any CPU.Build.0 = Release|Any CPU
		{894677F5-7BDD-49A0-B14A-2F4E38B53D91}.Debug|Any CPU.ActiveCfg = Debug|Any CPU
		{894677F5-7BDD-49A0-B14A-2F4E38B53D91}.Debug|Any CPU.Build.0 = Debug|Any CPU
		{894677F5-7BDD-49A0-B14A-2F4E38B53D91}.Release|Any CPU.ActiveCfg = Release|Any CPU
		{894677F5-7BDD-49A0-B14A-2F4E38B53D91}.Release|Any CPU.Build.0 = Release|Any CPU
	EndGlobalSection
	GlobalSection(SolutionProperties) = preSolution
		HideSolutionNode = FALSE
	EndGlobalSection
EndGlobal
